
Microsoft Visual Studio Solution File, Format Version 12.00
# Visual Studio 15
VisualStudioVersion = 15.0.28307.329
MinimumVisualStudioVersion = 10.0.40219.1
Project("{FAE04EC0-301F-11D3-BF4B-00C04F79EFBC}") = "GetExtension", "GetExtension\GetExtension.csproj", "{5F28613C-8AAF-4956-914D-3ED7357511FF}"
EndProject
Global
	GlobalSection(SolutionConfigurationPlatforms) = preSolution
		Debug|Any CPU = Debug|Any CPU
		Release|Any CPU = Release|Any CPU
	EndGlobalSection
	GlobalSection(ProjectConfigurationPlatforms) = postSolution
		{5F28613C-8AAF-4956-914D-3ED7357511FF}.Debug|Any CPU.ActiveCfg = Debug|Any CPU
		{5F28613C-8AAF-4956-914D-3ED7357511FF}.Debug|Any CPU.Build.0 = Debug|Any CPU
		{5F28613C-8AAF-4956-914D-3ED7357511FF}.Release|Any CPU.ActiveCfg = Release|Any CPU
		{5F28613C-8AAF-4956-914D-3ED7357511FF}.Release|Any CPU.Build.0 = Release|Any CPU
	EndGlobalSection
	GlobalSection(SolutionProperties) = preSolution
		HideSolutionNode = FALSE
	EndGlobalSection
	GlobalSection(ExtensibilityGlobals) = postSolution
		SolutionGuid = {B1DA392C-CA6F-4414-A94E-DDB5098AD67D}
	EndGlobalSection
EndGlobal
